
Microsoft Visual Studio Solution File, Format Version 12.00
# Visual Studio 15
VisualStudioVersion = 15.0.28307.1145
MinimumVisualStudioVersion = 10.0.40219.1
Project("{8BC9CEB8-8B4A-11D0-8D11-00A0C91BC942}") = "4963", "4963\4963.vcxproj", "{DCBCE4CE-14E1-4B71-A9FD-B22EDA6B116A}"
EndProject
Global
	GlobalSection(SolutionConfigurationPlatforms) = preSolution
		Debug|x64 = Debug|x64
		Debug|x86 = Debug|x86
		Release|x64 = Release|x64
		Release|x86 = Release|x86
	EndGlobalSection
	GlobalSection(ProjectConfigurationPlatforms) = postSolution
		{DCBCE4CE-14E1-4B71-A9FD-B22EDA6B116A}.Debug|x64.ActiveCfg = Debug|x64
		{DCBCE4CE-14E1-4B71-A9FD-B22EDA6B116A}.Debug|x64.Build.0 = Debug|x64
		{DCBCE4CE-14E1-4B71-A9FD-B22EDA6B116A}.Debug|x86.ActiveCfg = Debug|Win32
		{DCBCE4CE-14E1-4B71-A9FD-B22EDA6B116A}.Debug|x86.Build.0 = Debug|Win32
		{DCBCE4CE-14E1-4B71-A9FD-B22EDA6B116A}.Release|x64.ActiveCfg = Release|x64
		{DCBCE4CE-14E1-4B71-A9FD-B22EDA6B116A}.Release|x64.Build.0 = Release|x64
		{DCBCE4CE-14E1-4B71-A9FD-B22EDA6B116A}.Release|x86.ActiveCfg = Release|Win32
		{DCBCE4CE-14E1-4B71-A9FD-B22EDA6B116A}.Release|x86.Build.0 = Release|Win32
	EndGlobalSection
	GlobalSection(SolutionProperties) = preSolution
		HideSolutionNode = FALSE
	EndGlobalSection
	GlobalSection(ExtensibilityGlobals) = postSolution
		SolutionGuid = {9A8A39E2-597D-4A57-B263-057AC9EA2D3B}
	EndGlobalSection
EndGlobal
