
Microsoft Visual Studio Solution File, Format Version 12.00
# Visual Studio 15
VisualStudioVersion = 15.0.28307.1145
MinimumVisualStudioVersion = 10.0.40219.1
Project("{8BC9CEB8-8B4A-11D0-8D11-00A0C91BC942}") = "Project1", "Project1\Project1.vcxproj", "{BDB67A9B-22FE-4AF0-92E1-9E09307B763C}"
EndProject
Global
	GlobalSection(SolutionConfigurationPlatforms) = preSolution
		Debug|x64 = Debug|x64
		Debug|x86 = Debug|x86
		Release|x64 = Release|x64
		Release|x86 = Release|x86
	EndGlobalSection
	GlobalSection(ProjectConfigurationPlatforms) = postSolution
		{BDB67A9B-22FE-4AF0-92E1-9E09307B763C}.Debug|x64.ActiveCfg = Debug|x64
		{BDB67A9B-22FE-4AF0-92E1-9E09307B763C}.Debug|x64.Build.0 = Debug|x64
		{BDB67A9B-22FE-4AF0-92E1-9E09307B763C}.Debug|x86.ActiveCfg = Debug|Win32
		{BDB67A9B-22FE-4AF0-92E1-9E09307B763C}.Debug|x86.Build.0 = Debug|Win32
		{BDB67A9B-22FE-4AF0-92E1-9E09307B763C}.Release|x64.ActiveCfg = Release|x64
		{BDB67A9B-22FE-4AF0-92E1-9E09307B763C}.Release|x64.Build.0 = Release|x64
		{BDB67A9B-22FE-4AF0-92E1-9E09307B763C}.Release|x86.ActiveCfg = Release|Win32
		{BDB67A9B-22FE-4AF0-92E1-9E09307B763C}.Release|x86.Build.0 = Release|Win32
	EndGlobalSection
	GlobalSection(SolutionProperties) = preSolution
		HideSolutionNode = FALSE
	EndGlobalSection
	GlobalSection(ExtensibilityGlobals) = postSolution
		SolutionGuid = {51AF3A36-BC7E-444C-BC20-506B3FFF2304}
	EndGlobalSection
EndGlobal
